
Microsoft Visual Studio Solution File, Format Version 12.00
# Visual Studio Version 16
VisualStudioVersion = 16.0.31205.134
MinimumVisualStudioVersion = 10.0.40219.1
Project("{FAE04EC0-301F-11D3-BF4B-00C04F79EFBC}") = "HolidayProperties", "HolidayProperties.csproj", "{93B02425-2508-48E1-A41C-17505F0BB3CB}"
EndProject
Global
	GlobalSection(SolutionConfigurationPlatforms) = preSolution
		Debug|Any CPU = Debug|Any CPU
		Release|Any CPU = Release|Any CPU
	EndGlobalSection
	GlobalSection(ProjectConfigurationPlatforms) = postSolution
		{93B02425-2508-48E1-A41C-17505F0BB3CB}.Debug|Any CPU.ActiveCfg = Debug|Any CPU
		{93B02425-2508-48E1-A41C-17505F0BB3CB}.Debug|Any CPU.Build.0 = Debug|Any CPU
		{93B02425-2508-48E1-A41C-17505F0BB3CB}.Release|Any CPU.ActiveCfg = Release|Any CPU
		{93B02425-2508-48E1-A41C-17505F0BB3CB}.Release|Any CPU.Build.0 = Release|Any CPU
	EndGlobalSection
	GlobalSection(SolutionProperties) = preSolution
		HideSolutionNode = FALSE
	EndGlobalSection
	GlobalSection(ExtensibilityGlobals) = postSolution
		SolutionGuid = {698CBE28-7F76-418B-A1C3-BAEFADA5E14A}
	EndGlobalSection
EndGlobal
